
Microsoft Visual Studio Solution File, Format Version 12.00
# Visual Studio Version 16
VisualStudioVersion = 16.0.31205.134
MinimumVisualStudioVersion = 10.0.40219.1
Project("{FAE04EC0-301F-11D3-BF4B-00C04F79EFBC}") = "CBasic4", "CBasic4\CBasic4.csproj", "{72938106-2DBB-4D11-B063-C215F511A373}"
EndProject
Global
	GlobalSection(SolutionConfigurationPlatforms) = preSolution
		Debug|Any CPU = Debug|Any CPU
		Release|Any CPU = Release|Any CPU
	EndGlobalSection
	GlobalSection(ProjectConfigurationPlatforms) = postSolution
		{72938106-2DBB-4D11-B063-C215F511A373}.Debug|Any CPU.ActiveCfg = Debug|Any CPU
		{72938106-2DBB-4D11-B063-C215F511A373}.Debug|Any CPU.Build.0 = Debug|Any CPU
		{72938106-2DBB-4D11-B063-C215F511A373}.Release|Any CPU.ActiveCfg = Release|Any CPU
		{72938106-2DBB-4D11-B063-C215F511A373}.Release|Any CPU.Build.0 = Release|Any CPU
	EndGlobalSection
	GlobalSection(SolutionProperties) = preSolution
		HideSolutionNode = FALSE
	EndGlobalSection
	GlobalSection(ExtensibilityGlobals) = postSolution
		SolutionGuid = {3D67BD0C-3A12-44E5-9FAF-4D0AB074D964}
	EndGlobalSection
EndGlobal
