
Microsoft Visual Studio Solution File, Format Version 12.00
# Visual Studio Version 16
VisualStudioVersion = 16.0.31205.134
MinimumVisualStudioVersion = 10.0.40219.1
Project("{FAE04EC0-301F-11D3-BF4B-00C04F79EFBC}") = "CSBasic2", "CSBasic2\CSBasic2.csproj", "{38EF28DF-6DF2-4898-8CF8-F699E086AB6C}"
EndProject
Global
	GlobalSection(SolutionConfigurationPlatforms) = preSolution
		Debug|Any CPU = Debug|Any CPU
		Release|Any CPU = Release|Any CPU
	EndGlobalSection
	GlobalSection(ProjectConfigurationPlatforms) = postSolution
		{38EF28DF-6DF2-4898-8CF8-F699E086AB6C}.Debug|Any CPU.ActiveCfg = Debug|Any CPU
		{38EF28DF-6DF2-4898-8CF8-F699E086AB6C}.Debug|Any CPU.Build.0 = Debug|Any CPU
		{38EF28DF-6DF2-4898-8CF8-F699E086AB6C}.Release|Any CPU.ActiveCfg = Release|Any CPU
		{38EF28DF-6DF2-4898-8CF8-F699E086AB6C}.Release|Any CPU.Build.0 = Release|Any CPU
	EndGlobalSection
	GlobalSection(SolutionProperties) = preSolution
		HideSolutionNode = FALSE
	EndGlobalSection
	GlobalSection(ExtensibilityGlobals) = postSolution
		SolutionGuid = {A6003B51-F0BF-470A-AE56-5194F8DDB07B}
	EndGlobalSection
EndGlobal
