
Microsoft Visual Studio Solution File, Format Version 12.00
# Visual Studio Version 16
VisualStudioVersion = 16.0.31624.102
MinimumVisualStudioVersion = 10.0.40219.1
Project("{FAE04EC0-301F-11D3-BF4B-00C04F79EFBC}") = "CSBasic8", "CSBasic8\CSBasic8.csproj", "{8DB35B9F-F3C0-49C4-9F5B-DF86E1CD7986}"
EndProject
Global
	GlobalSection(SolutionConfigurationPlatforms) = preSolution
		Debug|Any CPU = Debug|Any CPU
		Release|Any CPU = Release|Any CPU
	EndGlobalSection
	GlobalSection(ProjectConfigurationPlatforms) = postSolution
		{8DB35B9F-F3C0-49C4-9F5B-DF86E1CD7986}.Debug|Any CPU.ActiveCfg = Debug|Any CPU
		{8DB35B9F-F3C0-49C4-9F5B-DF86E1CD7986}.Debug|Any CPU.Build.0 = Debug|Any CPU
		{8DB35B9F-F3C0-49C4-9F5B-DF86E1CD7986}.Release|Any CPU.ActiveCfg = Release|Any CPU
		{8DB35B9F-F3C0-49C4-9F5B-DF86E1CD7986}.Release|Any CPU.Build.0 = Release|Any CPU
	EndGlobalSection
	GlobalSection(SolutionProperties) = preSolution
		HideSolutionNode = FALSE
	EndGlobalSection
	GlobalSection(ExtensibilityGlobals) = postSolution
		SolutionGuid = {8F45D3F6-2AB7-44BA-A5A8-8B49E6527A6B}
	EndGlobalSection
EndGlobal
