
Microsoft Visual Studio Solution File, Format Version 12.00
# Visual Studio Version 16
VisualStudioVersion = 16.0.31624.102
MinimumVisualStudioVersion = 10.0.40219.1
Project("{FAE04EC0-301F-11D3-BF4B-00C04F79EFBC}") = "CSBasic10", "CSBasic10\CSBasic10.csproj", "{955C1F5B-23D3-418E-B4AA-803319CCF332}"
EndProject
Global
	GlobalSection(SolutionConfigurationPlatforms) = preSolution
		Debug|Any CPU = Debug|Any CPU
		Release|Any CPU = Release|Any CPU
	EndGlobalSection
	GlobalSection(ProjectConfigurationPlatforms) = postSolution
		{955C1F5B-23D3-418E-B4AA-803319CCF332}.Debug|Any CPU.ActiveCfg = Debug|Any CPU
		{955C1F5B-23D3-418E-B4AA-803319CCF332}.Debug|Any CPU.Build.0 = Debug|Any CPU
		{955C1F5B-23D3-418E-B4AA-803319CCF332}.Release|Any CPU.ActiveCfg = Release|Any CPU
		{955C1F5B-23D3-418E-B4AA-803319CCF332}.Release|Any CPU.Build.0 = Release|Any CPU
	EndGlobalSection
	GlobalSection(SolutionProperties) = preSolution
		HideSolutionNode = FALSE
	EndGlobalSection
	GlobalSection(ExtensibilityGlobals) = postSolution
		SolutionGuid = {47632D81-EFBC-4A80-A390-F857E2C79095}
	EndGlobalSection
EndGlobal
