
Microsoft Visual Studio Solution File, Format Version 12.00
# Visual Studio Version 16
VisualStudioVersion = 16.0.31624.102
MinimumVisualStudioVersion = 10.0.40219.1
Project("{FAE04EC0-301F-11D3-BF4B-00C04F79EFBC}") = "CSBasic9-combobox", "CSBasic9-combobox\CSBasic9-combobox.csproj", "{EF43DF1D-6632-4378-B40B-B92A07C5059F}"
EndProject
Global
	GlobalSection(SolutionConfigurationPlatforms) = preSolution
		Debug|Any CPU = Debug|Any CPU
		Release|Any CPU = Release|Any CPU
	EndGlobalSection
	GlobalSection(ProjectConfigurationPlatforms) = postSolution
		{EF43DF1D-6632-4378-B40B-B92A07C5059F}.Debug|Any CPU.ActiveCfg = Debug|Any CPU
		{EF43DF1D-6632-4378-B40B-B92A07C5059F}.Debug|Any CPU.Build.0 = Debug|Any CPU
		{EF43DF1D-6632-4378-B40B-B92A07C5059F}.Release|Any CPU.ActiveCfg = Release|Any CPU
		{EF43DF1D-6632-4378-B40B-B92A07C5059F}.Release|Any CPU.Build.0 = Release|Any CPU
	EndGlobalSection
	GlobalSection(SolutionProperties) = preSolution
		HideSolutionNode = FALSE
	EndGlobalSection
	GlobalSection(ExtensibilityGlobals) = postSolution
		SolutionGuid = {4E69C974-6550-4DA2-ADB3-F99BAD17CEF8}
	EndGlobalSection
EndGlobal
